// !$*UTF8*$!
{
	archiveVersion = 1;
	classes = {
	};
	objectVersion = 51;
	objects = {

/* Begin PBXBuildFile section */
		29899845B55C68944DAEDAD2 /* Pods_TwitterClone.framework in Frameworks */ = {isa = PBXBuildFile; fileRef = AC551B22421CF860BFB6724A /* Pods_TwitterClone.framework */; };
		535794E723C640090075F035 /* AppDelegate.swift in Sources */ = {isa = PBXBuildFile; fileRef = 535794E623C640090075F035 /* AppDelegate.swift */; };
		535794E923C640090075F035 /* ViewController.swift in Sources */ = {isa = PBXBuildFile; fileRef = 535794E823C640090075F035 /* ViewController.swift */; };
		535794EC23C640090075F035 /* Main.storyboard in Resources */ = {isa = PBXBuildFile; fileRef = 535794EA23C640090075F035 /* Main.storyboard */; };
		535794EE23C6400F0075F035 /* Assets.xcassets in Resources */ = {isa = PBXBuildFile; fileRef = 535794ED23C6400F0075F035 /* Assets.xcassets */; };
		535794F123C6400F0075F035 /* LaunchScreen.storyboard in Resources */ = {isa = PBXBuildFile; fileRef = 535794EF23C6400F0075F035 /* LaunchScreen.storyboard */; };
		535794FB23C662300075F035 /* LoginViewController.swift in Sources */ = {isa = PBXBuildFile; fileRef = 535794FA23C662300075F035 /* LoginViewController.swift */; };
		535794FD23C664430075F035 /* SignupViewController.swift in Sources */ = {isa = PBXBuildFile; fileRef = 535794FC23C664430075F035 /* SignupViewController.swift */; };
		535794FF23C664740075F035 /* RegisteringViewController.swift in Sources */ = {isa = PBXBuildFile; fileRef = 535794FE23C664740075F035 /* RegisteringViewController.swift */; };
		5357950123C6649C0075F035 /* SettingViewController.swift in Sources */ = {isa = PBXBuildFile; fileRef = 5357950023C6649C0075F035 /* SettingViewController.swift */; };
		5357950323C664BF0075F035 /* PurchasingViewController.swift in Sources */ = {isa = PBXBuildFile; fileRef = 5357950223C664BF0075F035 /* PurchasingViewController.swift */; };
		5357950523C664E60075F035 /* PurchasingCompleteViewController.swift in Sources */ = {isa = PBXBuildFile; fileRef = 5357950423C664E60075F035 /* PurchasingCompleteViewController.swift */; };
		5357950723C665110075F035 /* UsersListViewController.swift in Sources */ = {isa = PBXBuildFile; fileRef = 5357950623C665100075F035 /* UsersListViewController.swift */; };
		5357950923C6652D0075F035 /* SendingPostViewController.swift in Sources */ = {isa = PBXBuildFile; fileRef = 5357950823C6652D0075F035 /* SendingPostViewController.swift */; };
		5357950B23C6655A0075F035 /* UserDetailViewController.swift in Sources */ = {isa = PBXBuildFile; fileRef = 5357950A23C6655A0075F035 /* UserDetailViewController.swift */; };
		5357950D23C665770075F035 /* PolicyViewController.swift in Sources */ = {isa = PBXBuildFile; fileRef = 5357950C23C665770075F035 /* PolicyViewController.swift */; };
		5357951023C711E40075F035 /* PostTableViewCell.swift in Sources */ = {isa = PBXBuildFile; fileRef = 5357950E23C711E40075F035 /* PostTableViewCell.swift */; };
		5357951123C711E40075F035 /* PostTableViewCell.xib in Resources */ = {isa = PBXBuildFile; fileRef = 5357950F23C711E40075F035 /* PostTableViewCell.xib */; };
		5357951423C712750075F035 /* UserTableViewCell.swift in Sources */ = {isa = PBXBuildFile; fileRef = 5357951223C712750075F035 /* UserTableViewCell.swift */; };
		5357951523C712750075F035 /* UserTableViewCell.xib in Resources */ = {isa = PBXBuildFile; fileRef = 5357951323C712750075F035 /* UserTableViewCell.xib */; };
		5357951923C73DF60075F035 /* GoogleService-Info.plist in Resources */ = {isa = PBXBuildFile; fileRef = 5357951823C73DF60075F035 /* GoogleService-Info.plist */; };
		5357951B23C74FB10075F035 /* MainViewController.swift in Sources */ = {isa = PBXBuildFile; fileRef = 5357951A23C74FB10075F035 /* MainViewController.swift */; };
		5357951D23C754CF0075F035 /* SidemenuViewController.swift in Sources */ = {isa = PBXBuildFile; fileRef = 5357951C23C754CF0075F035 /* SidemenuViewController.swift */; };
		5357952323C76EB10075F035 /* PopupViewController.swift in Sources */ = {isa = PBXBuildFile; fileRef = 5357952223C76EB10075F035 /* PopupViewController.swift */; };
		5357954323C7AAC60075F035 /* MainWithFabViewController.swift in Sources */ = {isa = PBXBuildFile; fileRef = 5357954223C7AAC60075F035 /* MainWithFabViewController.swift */; };
		5357954523C888D50075F035 /* PostData.swift in Sources */ = {isa = PBXBuildFile; fileRef = 5357954423C888D50075F035 /* PostData.swift */; };
		5357954723C88DE50075F035 /* UserData.swift in Sources */ = {isa = PBXBuildFile; fileRef = 5357954623C88DE40075F035 /* UserData.swift */; };
/* End PBXBuildFile section */

/* Begin PBXFileReference section */
		535794E323C640080075F035 /* TwitterClone.app */ = {isa = PBXFileReference; explicitFileType = wrapper.application; includeInIndex = 0; path = TwitterClone.app; sourceTree = BUILT_PRODUCTS_DIR; };
		535794E623C640090075F035 /* AppDelegate.swift */ = {isa = PBXFileReference; lastKnownFileType = sourcecode.swift; path = AppDelegate.swift; sourceTree = "<group>"; };
		535794E823C640090075F035 /* ViewController.swift */ = {isa = PBXFileReference; lastKnownFileType = sourcecode.swift; path = ViewController.swift; sourceTree = "<group>"; };
		535794EB23C640090075F035 /* Base */ = {isa = PBXFileReference; lastKnownFileType = file.storyboard; name = Base; path = Base.lproj/Main.storyboard; sourceTree = "<group>"; };
		535794ED23C6400F0075F035 /* Assets.xcassets */ = {isa = PBXFileReference; lastKnownFileType = folder.assetcatalog; path = Assets.xcassets; sourceTree = "<group>"; };
		535794F023C6400F0075F035 /* Base */ = {isa = PBXFileReference; lastKnownFileType = file.storyboard; name = Base; path = Base.lproj/LaunchScreen.storyboard; sourceTree = "<group>"; };
		535794F223C6400F0075F035 /* Info.plist */ = {isa = PBXFileReference; lastKnownFileType = text.plist.xml; path = Info.plist; sourceTree = "<group>"; };
		535794FA23C662300075F035 /* LoginViewController.swift */ = {isa = PBXFileReference; lastKnownFileType = sourcecode.swift; path = LoginViewController.swift; sourceTree = "<group>"; };
		535794FC23C664430075F035 /* SignupViewController.swift */ = {isa = PBXFileReference; lastKnownFileType = sourcecode.swift; path = SignupViewController.swift; sourceTree = "<group>"; };
		535794FE23C664740075F035 /* RegisteringViewController.swift */ = {isa = PBXFileReference; lastKnownFileType = sourcecode.swift; path = RegisteringViewController.swift; sourceTree = "<group>"; };
		5357950023C6649C0075F035 /* SettingViewController.swift */ = {isa = PBXFileReference; lastKnownFileType = sourcecode.swift; path = SettingViewController.swift; sourceTree = "<group>"; };
		5357950223C664BF0075F035 /* PurchasingViewController.swift */ = {isa = PBXFileReference; lastKnownFileType = sourcecode.swift; path = PurchasingViewController.swift; sourceTree = "<group>"; };
		5357950423C664E60075F035 /* PurchasingCompleteViewController.swift */ = {isa = PBXFileReference; lastKnownFileType = sourcecode.swift; path = PurchasingCompleteViewController.swift; sourceTree = "<group>"; };
		5357950623C665100075F035 /* UsersListViewController.swift */ = {isa = PBXFileReference; lastKnownFileType = sourcecode.swift; path = UsersListViewController.swift; sourceTree = "<group>"; };
		5357950823C6652D0075F035 /* SendingPostViewController.swift */ = {isa = PBXFileReference; lastKnownFileType = sourcecode.swift; path = SendingPostViewController.swift; sourceTree = "<group>"; };
		5357950A23C6655A0075F035 /* UserDetailViewController.swift */ = {isa = PBXFileReference; lastKnownFileType = sourcecode.swift; path = UserDetailViewController.swift; sourceTree = "<group>"; };
		5357950C23C665770075F035 /* PolicyViewController.swift */ = {isa = PBXFileReference; lastKnownFileType = sourcecode.swift; path = PolicyViewController.swift; sourceTree = "<group>"; };
		5357950E23C711E40075F035 /* PostTableViewCell.swift */ = {isa = PBXFileReference; lastKnownFileType = sourcecode.swift; path = PostTableViewCell.swift; sourceTree = "<group>"; };
		5357950F23C711E40075F035 /* PostTableViewCell.xib */ = {isa = PBXFileReference; lastKnownFileType = file.xib; path = PostTableViewCell.xib; sourceTree = "<group>"; };
		5357951223C712750075F035 /* UserTableViewCell.swift */ = {isa = PBXFileReference; lastKnownFileType = sourcecode.swift; path = UserTableViewCell.swift; sourceTree = "<group>"; };
		5357951323C712750075F035 /* UserTableViewCell.xib */ = {isa = PBXFileReference; lastKnownFileType = file.xib; path = UserTableViewCell.xib; sourceTree = "<group>"; };
		5357951823C73DF60075F035 /* GoogleService-Info.plist */ = {isa = PBXFileReference; fileEncoding = 4; lastKnownFileType = text.plist.xml; path = "GoogleService-Info.plist"; sourceTree = "<group>"; };
		5357951A23C74FB10075F035 /* MainViewController.swift */ = {isa = PBXFileReference; lastKnownFileType = sourcecode.swift; path = MainViewController.swift; sourceTree = "<group>"; };
		5357951C23C754CF0075F035 /* SidemenuViewController.swift */ = {isa = PBXFileReference; lastKnownFileType = sourcecode.swift; path = SidemenuViewController.swift; sourceTree = "<group>"; };
		5357952223C76EB10075F035 /* PopupViewController.swift */ = {isa = PBXFileReference; lastKnownFileType = sourcecode.swift; path = PopupViewController.swift; sourceTree = "<group>"; };
		5357954223C7AAC60075F035 /* MainWithFabViewController.swift */ = {isa = PBXFileReference; lastKnownFileType = sourcecode.swift; path = MainWithFabViewController.swift; sourceTree = "<group>"; };
		5357954423C888D50075F035 /* PostData.swift */ = {isa = PBXFileReference; lastKnownFileType = sourcecode.swift; path = PostData.swift; sourceTree = "<group>"; };
		5357954623C88DE40075F035 /* UserData.swift */ = {isa = PBXFileReference; lastKnownFileType = sourcecode.swift; path = UserData.swift; sourceTree = "<group>"; };
		836EA506E7D8EAC791EA8403 /* Pods-TwitterClone.release.xcconfig */ = {isa = PBXFileReference; includeInIndex = 1; lastKnownFileType = text.xcconfig; name = "Pods-TwitterClone.release.xcconfig"; path = "Target Support Files/Pods-TwitterClone/Pods-TwitterClone.release.xcconfig"; sourceTree = "<group>"; };
		AC551B22421CF860BFB6724A /* Pods_TwitterClone.framework */ = {isa = PBXFileReference; explicitFileType = wrapper.framework; includeInIndex = 0; path = Pods_TwitterClone.framework; sourceTree = BUILT_PRODUCTS_DIR; };
		C94933BAC83A3D25E14397D8 /* Pods-TwitterClone.debug.xcconfig */ = {isa = PBXFileReference; includeInIndex = 1; lastKnownFileType = text.xcconfig; name = "Pods-TwitterClone.debug.xcconfig"; path = "Target Support Files/Pods-TwitterClone/Pods-TwitterClone.debug.xcconfig"; sourceTree = "<group>"; };
/* End PBXFileReference section */

/* Begin PBXFrameworksBuildPhase section */
		535794E023C640080075F035 /* Frameworks */ = {
			isa = PBXFrameworksBuildPhase;
			buildActionMask = 2147483647;
			files = (
				29899845B55C68944DAEDAD2 /* Pods_TwitterClone.framework in Frameworks */,
			);
			runOnlyForDeploymentPostprocessing = 0;
		};
/* End PBXFrameworksBuildPhase section */

/* Begin PBXGroup section */
		449938A6A50764EA10994B55 /* Pods */ = {
			isa = PBXGroup;
			children = (
				C94933BAC83A3D25E14397D8 /* Pods-TwitterClone.debug.xcconfig */,
				836EA506E7D8EAC791EA8403 /* Pods-TwitterClone.release.xcconfig */,
			);
			path = Pods;
			sourceTree = "<group>";
		};
		535794DA23C640080075F035 = {
			isa = PBXGroup;
			children = (
				535794E523C640090075F035 /* TwitterClone */,
				535794E423C640080075F035 /* Products */,
				449938A6A50764EA10994B55 /* Pods */,
				588D2A3EA279CD3FB6AD7920 /* Frameworks */,
			);
			sourceTree = "<group>";
		};
		535794E423C640080075F035 /* Products */ = {
			isa = PBXGroup;
			children = (
				535794E323C640080075F035 /* TwitterClone.app */,
			);
			name = Products;
			sourceTree = "<group>";
		};
		535794E523C640090075F035 /* TwitterClone */ = {
			isa = PBXGroup;
			children = (
				5357951823C73DF60075F035 /* GoogleService-Info.plist */,
				535794E623C640090075F035 /* AppDelegate.swift */,
				535794E823C640090075F035 /* ViewController.swift */,
				535794EA23C640090075F035 /* Main.storyboard */,
				535794ED23C6400F0075F035 /* Assets.xcassets */,
				535794EF23C6400F0075F035 /* LaunchScreen.storyboard */,
				535794F223C6400F0075F035 /* Info.plist */,
				535794FA23C662300075F035 /* LoginViewController.swift */,
				535794FC23C664430075F035 /* SignupViewController.swift */,
				535794FE23C664740075F035 /* RegisteringViewController.swift */,
				5357950023C6649C0075F035 /* SettingViewController.swift */,
				5357950223C664BF0075F035 /* PurchasingViewController.swift */,
				5357950423C664E60075F035 /* PurchasingCompleteViewController.swift */,
				5357950623C665100075F035 /* UsersListViewController.swift */,
				5357950823C6652D0075F035 /* SendingPostViewController.swift */,
				5357950A23C6655A0075F035 /* UserDetailViewController.swift */,
				5357950C23C665770075F035 /* PolicyViewController.swift */,
				5357950E23C711E40075F035 /* PostTableViewCell.swift */,
				5357950F23C711E40075F035 /* PostTableViewCell.xib */,
				5357951223C712750075F035 /* UserTableViewCell.swift */,
				5357951323C712750075F035 /* UserTableViewCell.xib */,
				5357951A23C74FB10075F035 /* MainViewController.swift */,
				5357951C23C754CF0075F035 /* SidemenuViewController.swift */,
				5357952223C76EB10075F035 /* PopupViewController.swift */,
				5357954223C7AAC60075F035 /* MainWithFabViewController.swift */,
				5357954423C888D50075F035 /* PostData.swift */,
				5357954623C88DE40075F035 /* UserData.swift */,
			);
			path = TwitterClone;
			sourceTree = "<group>";
		};
		588D2A3EA279CD3FB6AD7920 /* Frameworks */ = {
			isa = PBXGroup;
			children = (
				AC551B22421CF860BFB6724A /* Pods_TwitterClone.framework */,
			);
			name = Frameworks;
			sourceTree = "<group>";
		};
/* End PBXGroup section */

/* Begin PBXNativeTarget section */
		535794E223C640080075F035 /* TwitterClone */ = {
			isa = PBXNativeTarget;
			buildConfigurationList = 535794F523C6400F0075F035 /* Build configuration list for PBXNativeTarget "TwitterClone" */;
			buildPhases = (
				28916621683AF04D754B33C7 /* [CP] Check Pods Manifest.lock */,
				535794DF23C640080075F035 /* Sources */,
				535794E023C640080075F035 /* Frameworks */,
				535794E123C640080075F035 /* Resources */,
				6E1142CC767408FD15AF184C /* [CP] Embed Pods Frameworks */,
			);
			buildRules = (
			);
			dependencies = (
			);
			name = TwitterClone;
			productName = TwitterClone;
			productReference = 535794E323C640080075F035 /* TwitterClone.app */;
			productType = "com.apple.product-type.application";
		};
/* End PBXNativeTarget section */

/* Begin PBXProject section */
		535794DB23C640080075F035 /* Project object */ = {
			isa = PBXProject;
			attributes = {
				KnownAssetTags = (
					100,
				);
				LastSwiftUpdateCheck = 1020;
				LastUpgradeCheck = 1020;
				ORGANIZATIONNAME = hrtkhrtk;
				TargetAttributes = {
					535794E223C640080075F035 = {
						CreatedOnToolsVersion = 10.2.1;
					};
				};
			};
			buildConfigurationList = 535794DE23C640080075F035 /* Build configuration list for PBXProject "TwitterClone" */;
			compatibilityVersion = "Xcode 9.3";
			developmentRegion = en;
			hasScannedForEncodings = 0;
			knownRegions = (
				en,
				Base,
			);
			mainGroup = 535794DA23C640080075F035;
			productRefGroup = 535794E423C640080075F035 /* Products */;
			projectDirPath = "";
			projectRoot = "";
			targets = (
				535794E223C640080075F035 /* TwitterClone */,
			);
		};
/* End PBXProject section */

/* Begin PBXResourcesBuildPhase section */
		535794E123C640080075F035 /* Resources */ = {
			isa = PBXResourcesBuildPhase;
			buildActionMask = 2147483647;
			files = (
				535794F123C6400F0075F035 /* LaunchScreen.storyboard in Resources */,
				5357951123C711E40075F035 /* PostTableViewCell.xib in Resources */,
				535794EE23C6400F0075F035 /* Assets.xcassets in Resources */,
				5357951523C712750075F035 /* UserTableViewCell.xib in Resources */,
				535794EC23C640090075F035 /* Main.storyboard in Resources */,
				5357951923C73DF60075F035 /* GoogleService-Info.plist in Resources */,
			);
			runOnlyForDeploymentPostprocessing = 0;
		};
/* End PBXResourcesBuildPhase section */

/* Begin PBXShellScriptBuildPhase section */
		28916621683AF04D754B33C7 /* [CP] Check Pods Manifest.lock */ = {
			isa = PBXShellScriptBuildPhase;
			buildActionMask = 2147483647;
			files = (
			);
			inputFileListPaths = (
			);
			inputPaths = (
				"${PODS_PODFILE_DIR_PATH}/Podfile.lock",
				"${PODS_ROOT}/Manifest.lock",
			);
			name = "[CP] Check Pods Manifest.lock";
			outputFileListPaths = (
			);
			outputPaths = (
				"$(DERIVED_FILE_DIR)/Pods-TwitterClone-checkManifestLockResult.txt",
			);
			runOnlyForDeploymentPostprocessing = 0;
			shellPath = /bin/sh;
			shellScript = "diff \"${PODS_PODFILE_DIR_PATH}/Podfile.lock\" \"${PODS_ROOT}/Manifest.lock\" > /dev/null\nif [ $? != 0 ] ; then\n    # print error to STDERR\n    echo \"error: The sandbox is not in sync with the Podfile.lock. Run 'pod install' or update your CocoaPods installation.\" >&2\n    exit 1\nfi\n# This output is used by Xcode 'outputs' to avoid re-running this script phase.\necho \"SUCCESS\" > \"${SCRIPT_OUTPUT_FILE_0}\"\n";
			showEnvVarsInLog = 0;
		};
		6E1142CC767408FD15AF184C /* [CP] Embed Pods Frameworks */ = {
			isa = PBXShellScriptBuildPhase;
			buildActionMask = 2147483647;
			files = (
			);
			inputFileListPaths = (
				"${PODS_ROOT}/Target Support Files/Pods-TwitterClone/Pods-TwitterClone-frameworks-${CONFIGURATION}-input-files.xcfilelist",
			);
			name = "[CP] Embed Pods Frameworks";
			outputFileListPaths = (
				"${PODS_ROOT}/Target Support Files/Pods-TwitterClone/Pods-TwitterClone-frameworks-${CONFIGURATION}-output-files.xcfilelist",
			);
			runOnlyForDeploymentPostprocessing = 0;
			shellPath = /bin/sh;
			shellScript = "\"${PODS_ROOT}/Target Support Files/Pods-TwitterClone/Pods-TwitterClone-frameworks.sh\"\n";
			showEnvVarsInLog = 0;
		};
/* End PBXShellScriptBuildPhase section */

/* Begin PBXSourcesBuildPhase section */
		535794DF23C640080075F035 /* Sources */ = {
			isa = PBXSourcesBuildPhase;
			buildActionMask = 2147483647;
			files = (
				5357951D23C754CF0075F035 /* SidemenuViewController.swift in Sources */,
				535794FB23C662300075F035 /* LoginViewController.swift in Sources */,
				5357952323C76EB10075F035 /* PopupViewController.swift in Sources */,
				5357950323C664BF0075F035 /* PurchasingViewController.swift in Sources */,
				5357951423C712750075F035 /* UserTableViewCell.swift in Sources */,
				5357951023C711E40075F035 /* PostTableViewCell.swift in Sources */,
				535794E923C640090075F035 /* ViewController.swift in Sources */,
				5357954523C888D50075F035 /* PostData.swift in Sources */,
				535794FD23C664430075F035 /* SignupViewController.swift in Sources */,
				535794FF23C664740075F035 /* RegisteringViewController.swift in Sources */,
				5357954323C7AAC60075F035 /* MainWithFabViewController.swift in Sources */,
				5357950923C6652D0075F035 /* SendingPostViewController.swift in Sources */,
				5357950723C665110075F035 /* UsersListViewController.swift in Sources */,
				5357951B23C74FB10075F035 /* MainViewController.swift in Sources */,
				5357950523C664E60075F035 /* PurchasingCompleteViewController.swift in Sources */,
				5357950D23C665770075F035 /* PolicyViewController.swift in Sources */,
				535794E723C640090075F035 /* AppDelegate.swift in Sources */,
				5357950123C6649C0075F035 /* SettingViewController.swift in Sources */,
				5357954723C88DE50075F035 /* UserData.swift in Sources */,
				5357950B23C6655A0075F035 /* UserDetailViewController.swift in Sources */,
			);
			runOnlyForDeploymentPostprocessing = 0;
		};
/* End PBXSourcesBuildPhase section */

/* Begin PBXVariantGroup section */
		535794EA23C640090075F035 /* Main.storyboard */ = {
			isa = PBXVariantGroup;
			children = (
				535794EB23C640090075F035 /* Base */,
			);
			name = Main.storyboard;
			sourceTree = "<group>";
		};
		535794EF23C6400F0075F035 /* LaunchScreen.storyboard */ = {
			isa = PBXVariantGroup;
			children = (
				535794F023C6400F0075F035 /* Base */,
			);
			name = LaunchScreen.storyboard;
			sourceTree = "<group>";
		};
/* End PBXVariantGroup section */

/* Begin XCBuildConfiguration section */
		535794F323C6400F0075F035 /* Debug */ = {
			isa = XCBuildConfiguration;
			buildSettings = {
				ALWAYS_SEARCH_USER_PATHS = NO;
				CLANG_ANALYZER_NONNULL = YES;
				CLANG_ANALYZER_NUMBER_OBJECT_CONVERSION = YES_AGGRESSIVE;
				CLANG_CXX_LANGUAGE_STANDARD = "gnu++14";
				CLANG_CXX_LIBRARY = "libc++";
				CLANG_ENABLE_MODULES = YES;
				CLANG_ENABLE_OBJC_ARC = YES;
				CLANG_ENABLE_OBJC_WEAK = YES;
				CLANG_WARN_BLOCK_CAPTURE_AUTORELEASING = YES;
				CLANG_WARN_BOOL_CONVERSION = YES;
				CLANG_WARN_COMMA = YES;
				CLANG_WARN_CONSTANT_CONVERSION = YES;
				CLANG_WARN_DEPRECATED_OBJC_IMPLEMENTATIONS = YES;
				CLANG_WARN_DIRECT_OBJC_ISA_USAGE = YES_ERROR;
				CLANG_WARN_DOCUMENTATION_COMMENTS = YES;
				CLANG_WARN_EMPTY_BODY = YES;
				CLANG_WARN_ENUM_CONVERSION = YES;
				CLANG_WARN_INFINITE_RECURSION = YES;
				CLANG_WARN_INT_CONVERSION = YES;
				CLANG_WARN_NON_LITERAL_NULL_CONVERSION = YES;
				CLANG_WARN_OBJC_IMPLICIT_RETAIN_SELF = YES;
				CLANG_WARN_OBJC_LITERAL_CONVERSION = YES;
				CLANG_WARN_OBJC_ROOT_CLASS = YES_ERROR;
				CLANG_WARN_RANGE_LOOP_ANALYSIS = YES;
				CLANG_WARN_STRICT_PROTOTYPES = YES;
				CLANG_WARN_SUSPICIOUS_MOVE = YES;
				CLANG_WARN_UNGUARDED_AVAILABILITY = YES_AGGRESSIVE;
				CLANG_WARN_UNREACHABLE_CODE = YES;
				CLANG_WARN__DUPLICATE_METHOD_MATCH = YES;
				CODE_SIGN_IDENTITY = "iPhone Developer";
				COPY_PHASE_STRIP = NO;
				DEBUG_INFORMATION_FORMAT = dwarf;
				ENABLE_STRICT_OBJC_MSGSEND = YES;
				ENABLE_TESTABILITY = YES;
				GCC_C_LANGUAGE_STANDARD = gnu11;
				GCC_DYNAMIC_NO_PIC = NO;
				GCC_NO_COMMON_BLOCKS = YES;
				GCC_OPTIMIZATION_LEVEL = 0;
				GCC_PREPROCESSOR_DEFINITIONS = (
					"DEBUG=1",
					"$(inherited)",
				);
				GCC_WARN_64_TO_32_BIT_CONVERSION = YES;
				GCC_WARN_ABOUT_RETURN_TYPE = YES_ERROR;
				GCC_WARN_UNDECLARED_SELECTOR = YES;
				GCC_WARN_UNINITIALIZED_AUTOS = YES_AGGRESSIVE;
				GCC_WARN_UNUSED_FUNCTION = YES;
				GCC_WARN_UNUSED_VARIABLE = YES;
				IPHONEOS_DEPLOYMENT_TARGET = 12.2;
				MTL_ENABLE_DEBUG_INFO = INCLUDE_SOURCE;
				MTL_FAST_MATH = YES;
				ONLY_ACTIVE_ARCH = YES;
				SDKROOT = iphoneos;
				SWIFT_ACTIVE_COMPILATION_CONDITIONS = DEBUG;
				SWIFT_OPTIMIZATION_LEVEL = "-Onone";
			};
			name = Debug;
		};
		535794F423C6400F0075F035 /* Release */ = {
			isa = XCBuildConfiguration;
			buildSettings = {
				ALWAYS_SEARCH_USER_PATHS = NO;
				CLANG_ANALYZER_NONNULL = YES;
				CLANG_ANALYZER_NUMBER_OBJECT_CONVERSION = YES_AGGRESSIVE;
				CLANG_CXX_LANGUAGE_STANDARD = "gnu++14";
				CLANG_CXX_LIBRARY = "libc++";
				CLANG_ENABLE_MODULES = YES;
				CLANG_ENABLE_OBJC_ARC = YES;
				CLANG_ENABLE_OBJC_WEAK = YES;
				CLANG_WARN_BLOCK_CAPTURE_AUTORELEASING = YES;
				CLANG_WARN_BOOL_CONVERSION = YES;
				CLANG_WARN_COMMA = YES;
				CLANG_WARN_CONSTANT_CONVERSION = YES;
				CLANG_WARN_DEPRECATED_OBJC_IMPLEMENTATIONS = YES;
				CLANG_WARN_DIRECT_OBJC_ISA_USAGE = YES_ERROR;
				CLANG_WARN_DOCUMENTATION_COMMENTS = YES;
				CLANG_WARN_EMPTY_BODY = YES;
				CLANG_WARN_ENUM_CONVERSION = YES;
				CLANG_WARN_INFINITE_RECURSION = YES;
				CLANG_WARN_INT_CONVERSION = YES;
				CLANG_WARN_NON_LITERAL_NULL_CONVERSION = YES;
				CLANG_WARN_OBJC_IMPLICIT_RETAIN_SELF = YES;
				CLANG_WARN_OBJC_LITERAL_CONVERSION = YES;
				CLANG_WARN_OBJC_ROOT_CLASS = YES_ERROR;
				CLANG_WARN_RANGE_LOOP_ANALYSIS = YES;
				CLANG_WARN_STRICT_PROTOTYPES = YES;
				CLANG_WARN_SUSPICIOUS_MOVE = YES;
				CLANG_WARN_UNGUARDED_AVAILABILITY = YES_AGGRESSIVE;
				CLANG_WARN_UNREACHABLE_CODE = YES;
				CLANG_WARN__DUPLICATE_METHOD_MATCH = YES;
				CODE_SIGN_IDENTITY = "iPhone Developer";
				COPY_PHASE_STRIP = NO;
				DEBUG_INFORMATION_FORMAT = "dwarf-with-dsym";
				ENABLE_NS_ASSERTIONS = NO;
				ENABLE_STRICT_OBJC_MSGSEND = YES;
				GCC_C_LANGUAGE_STANDARD = gnu11;
				GCC_NO_COMMON_BLOCKS = YES;
				GCC_WARN_64_TO_32_BIT_CONVERSION = YES;
				GCC_WARN_ABOUT_RETURN_TYPE = YES_ERROR;
				GCC_WARN_UNDECLARED_SELECTOR = YES;
				GCC_WARN_UNINITIALIZED_AUTOS = YES_AGGRESSIVE;
				GCC_WARN_UNUSED_FUNCTION = YES;
				GCC_WARN_UNUSED_VARIABLE = YES;
				IPHONEOS_DEPLOYMENT_TARGET = 12.2;
				MTL_ENABLE_DEBUG_INFO = NO;
				MTL_FAST_MATH = YES;
				SDKROOT = iphoneos;
				SWIFT_COMPILATION_MODE = wholemodule;
				SWIFT_OPTIMIZATION_LEVEL = "-O";
				VALIDATE_PRODUCT = YES;
			};
			name = Release;
		};
		535794F623C6400F0075F035 /* Debug */ = {
			isa = XCBuildConfiguration;
			baseConfigurationReference = C94933BAC83A3D25E14397D8 /* Pods-TwitterClone.debug.xcconfig */;
			buildSettings = {
				ASSETCATALOG_COMPILER_APPICON_NAME = AppIcon;
				CODE_SIGN_STYLE = Automatic;
				DEVELOPMENT_TEAM = HJDWM9D2VJ;
				INFOPLIST_FILE = TwitterClone/Info.plist;
				LD_RUNPATH_SEARCH_PATHS = (
					"$(inherited)",
					"@executable_path/Frameworks",
				);
				PRODUCT_BUNDLE_IDENTIFIER = hrtkhrtk.TwitterClone;
				PRODUCT_NAME = "$(TARGET_NAME)";
				SWIFT_VERSION = 5.0;
				TARGETED_DEVICE_FAMILY = "1,2";
			};
			name = Debug;
		};
		535794F723C6400F0075F035 /* Release */ = {
			isa = XCBuildConfiguration;
			baseConfigurationReference = 836EA506E7D8EAC791EA8403 /* Pods-TwitterClone.release.xcconfig */;
			buildSettings = {
				ASSETCATALOG_COMPILER_APPICON_NAME = AppIcon;
				CODE_SIGN_STYLE = Automatic;
				DEVELOPMENT_TEAM = HJDWM9D2VJ;
				INFOPLIST_FILE = TwitterClone/Info.plist;
				LD_RUNPATH_SEARCH_PATHS = (
					"$(inherited)",
					"@executable_path/Frameworks",
				);
				PRODUCT_BUNDLE_IDENTIFIER = hrtkhrtk.TwitterClone;
				PRODUCT_NAME = "$(TARGET_NAME)";
				SWIFT_VERSION = 5.0;
				TARGETED_DEVICE_FAMILY = "1,2";
			};
			name = Release;
		};
/* End XCBuildConfiguration section */

/* Begin XCConfigurationList section */
		535794DE23C640080075F035 /* Build configuration list for PBXProject "TwitterClone" */ = {
			isa = XCConfigurationList;
			buildConfigurations = (
				535794F323C6400F0075F035 /* Debug */,
				535794F423C6400F0075F035 /* Release */,
			);
			defaultConfigurationIsVisible = 0;
			defaultConfigurationName = Release;
		};
		535794F523C6400F0075F035 /* Build configuration list for PBXNativeTarget "TwitterClone" */ = {
			isa = XCConfigurationList;
			buildConfigurations = (
				535794F623C6400F0075F035 /* Debug */,
				535794F723C6400F0075F035 /* Release */,
			);
			defaultConfigurationIsVisible = 0;
			defaultConfigurationName = Release;
		};
/* End XCConfigurationList section */
	};
	rootObject = 535794DB23C640080075F035 /* Project object */;
}
